{
  "name": "praycalc",
  "version": "1.2.2",
  "lockfileVersion": 3,
  "requires": true,
  "packages": {
    "": {
      "name": "praycalc",
      "version": "1.2.2",
      "license": "ISC",
      "dependencies": {
        "nrel-spa": "^1.2.2"
      }
    },
    "node_modules/nrel-spa": {
      "version": "1.2.2",
      "resolved": "https://registry.npmjs.org/nrel-spa/-/nrel-spa-1.2.2.tgz",
      "integrity": "sha512-2mycHd7PP0l+pPjPvrT6vr+PRHufCFOxsPcpaIOQ9GwhhfzgyTvSsLKPsqC6ZENNU65yq4PetT5XlWj3CoLjiQ=="
    }
  }
}
