{
  "name": "pray-calc",
  "version": "1.6.0",
  "lockfileVersion": 3,
  "requires": true,
  "packages": {
    "": {
      "name": "pray-calc",
      "version": "1.6.0",
      "license": "MIT",
      "dependencies": {
        "nrel-spa": "^1.3.0",
        "suncalc": "^1.9.0"
      }
    },
    "node_modules/nrel-spa": {
      "version": "1.3.0",
      "resolved": "https://registry.npmjs.org/nrel-spa/-/nrel-spa-1.3.0.tgz",
      "integrity": "sha512-vZPD4TjCxGQsrstyyZGtnJtU8y1bJghBki5MR9HbDyhGsO+mHM+l3ffI7l3rIjTJsJBoQP7gyDwQntiPy3vUHA==",
      "license": "MIT"
    },
    "node_modules/suncalc": {
      "version": "1.9.0",
      "resolved": "https://registry.npmjs.org/suncalc/-/suncalc-1.9.0.tgz",
      "integrity": "sha512-vMJ8Byp1uIPoj+wb9c1AdK4jpkSKVAywgHX0lqY7zt6+EWRRC3Z+0Ucfjy/0yxTVO1hwwchZe4uoFNqrIC24+A=="
    }
  }
}
